
Microsoft Visual Studio Solution File, Format Version 12.00
# Visual Studio Version 17
VisualStudioVersion = 17.11.35208.52
MinimumVisualStudioVersion = 10.0.40219.1
Project("{FAE04EC0-301F-11D3-BF4B-00C04F79EFBC}") = "FinalProjectBy113327014", "FinalProjectBy113327014\FinalProjectBy113327014.csproj", "{68C63C0F-CD3C-425A-B85A-E7C18B41A1E8}"
EndProject
Global
	GlobalSection(SolutionConfigurationPlatforms) = preSolution
		Debug|Any CPU = Debug|Any CPU
		Release|Any CPU = Release|Any CPU
	EndGlobalSection
	GlobalSection(ProjectConfigurationPlatforms) = postSolution
		{68C63C0F-CD3C-425A-B85A-E7C18B41A1E8}.Debug|Any CPU.ActiveCfg = Debug|Any CPU
		{68C63C0F-CD3C-425A-B85A-E7C18B41A1E8}.Debug|Any CPU.Build.0 = Debug|Any CPU
		{68C63C0F-CD3C-425A-B85A-E7C18B41A1E8}.Release|Any CPU.ActiveCfg = Release|Any CPU
		{68C63C0F-CD3C-425A-B85A-E7C18B41A1E8}.Release|Any CPU.Build.0 = Release|Any CPU
	EndGlobalSection
	GlobalSection(SolutionProperties) = preSolution
		HideSolutionNode = FALSE
	EndGlobalSection
	GlobalSection(ExtensibilityGlobals) = postSolution
		SolutionGuid = {690965BC-51B4-4CAB-92E3-0E959D203CC0}
	EndGlobalSection
EndGlobal
